
Microsoft Visual Studio Solution File, Format Version 12.00
# Visual Studio Version 17
VisualStudioVersion = 17.8.34525.116
MinimumVisualStudioVersion = 10.0.40219.1
Project("{9A19103F-16F7-4668-BE54-9A1E7A4F7556}") = "BlogGenerator", "BlogGenerator\BlogGenerator.csproj", "{5A85689B-91A3-4863-B0BE-26ACC64C866F}"
EndProject
Project("{9A19103F-16F7-4668-BE54-9A1E7A4F7556}") = "NotionLibrary", "NotionLibrary\NotionLibrary.csproj", "{C3C798C8-7A0A-4CBA-80B7-0145C3E0F271}"
EndProject
Project("{9A19103F-16F7-4668-BE54-9A1E7A4F7556}") = "MysqlLibrary", "MysqlLibrary\MysqlLibrary.csproj", "{EFF3D275-E036-496B-A3E9-72B8C4C4D9C0}"
EndProject
Project("{9A19103F-16F7-4668-BE54-9A1E7A4F7556}") = "ExplorerLibrary", "ExplorerLibrary\ExplorerLibrary.csproj", "{CF5C18E3-F66E-410B-B0BE-EF78A1928144}"
EndProject
Project("{9A19103F-16F7-4668-BE54-9A1E7A4F7556}") = "BlogDomain", "BlogDomain\BlogDomain.csproj", "{8F66EEED-1551-45A3-93BB-16677BDDACD1}"
EndProject
Project("{9A19103F-16F7-4668-BE54-9A1E7A4F7556}") = "LolipopLibrary", "LolipopLibrary\LolipopLibrary.csproj", "{C1D97F63-174F-4A7C-A929-B55D33D06701}"
EndProject
Project("{9A19103F-16F7-4668-BE54-9A1E7A4F7556}") = "GoogleTtsLibrary", "GoogleTtsLibrary\GoogleTtsLibrary.csproj", "{EA85F4B2-13C5-4AE1-A06D-3A678CE9D2E6}"
EndProject
Project("{9A19103F-16F7-4668-BE54-9A1E7A4F7556}") = "GoogleSearchConsoleLibrary", "GoogleSearchConsoleLibrary\GoogleSearchConsoleLibrary.csproj", "{EF9D21D0-D5C2-4C9F-A71D-8886B8674834}"
EndProject
Project("{2150E333-8FDC-42A3-9474-1A3956D46DE8}") = "Application", "Application", "{F544DF70-75B8-4949-90C4-6CAB29365D3A}"
EndProject
Project("{2150E333-8FDC-42A3-9474-1A3956D46DE8}") = "Infrastructure", "Infrastructure", "{FEA038D7-CEFC-4D5A-8D51-6CF7562A6F91}"
EndProject
Project("{2150E333-8FDC-42A3-9474-1A3956D46DE8}") = "Domain", "Domain", "{2D7C8407-F9C8-4C03-8877-FF16117B1F25}"
EndProject
Project("{9A19103F-16F7-4668-BE54-9A1E7A4F7556}") = "MathGenerator", "MathGenerator\MathGenerator.csproj", "{2357082D-7A83-403E-B45B-5D1ADFF74DE7}"
EndProject
Project("{9A19103F-16F7-4668-BE54-9A1E7A4F7556}") = "MathDomain", "MathDomain\MathDomain.csproj", "{99EB6088-1F5E-48C5-ACFF-422A40958AC5}"
EndProject
Project("{9A19103F-16F7-4668-BE54-9A1E7A4F7556}") = "SqliteLibrary", "SqliteLibrary\SqliteLibrary.csproj", "{13B73C47-F5A0-4CD2-8518-A48580C9CF3E}"
EndProject
Project("{9A19103F-16F7-4668-BE54-9A1E7A4F7556}") = "TrainingDomain", "TrainingDomain\TrainingDomain.csproj", "{47006209-D4D1-4D31-AC75-994FC950CBCD}"
EndProject
Project("{9A19103F-16F7-4668-BE54-9A1E7A4F7556}") = "CoinChecker", "CoinChecker\CoinChecker.csproj", "{ADF18A23-E8CD-4E42-B2F4-FE251EF1FBBD}"
EndProject
Project("{9A19103F-16F7-4668-BE54-9A1E7A4F7556}") = "CoincheckDomain", "CoincheckDomain\CoincheckDomain.csproj", "{F45DFE86-86CB-4E17-97C4-A3B6045E292C}"
EndProject
Project("{9A19103F-16F7-4668-BE54-9A1E7A4F7556}") = "CoincheckLibrary", "CoincheckLibrary\CoincheckLibrary.csproj", "{89386639-6E05-4A9B-AE70-ED703CD9A8A0}"
EndProject
Project("{9A19103F-16F7-4668-BE54-9A1E7A4F7556}") = "SpreadSheetLibrary", "SpreadSheetLibrary\SpreadSheetLibrary.csproj", "{C740FAC0-4C04-46E5-9E54-B4338810AECD}"
EndProject
Project("{9A19103F-16F7-4668-BE54-9A1E7A4F7556}") = "CryptoMonitor", "CryptoMonitor\CryptoMonitor.csproj", "{4F6CC16D-3D58-460A-BA4D-19A5A3100366}"
EndProject
Project("{9A19103F-16F7-4668-BE54-9A1E7A4F7556}") = "LawTextGenerator", "LawMp3Generator\LawTextGenerator.csproj", "{4EDF7FEB-B36E-42AD-BC8E-2709926B00EC}"
EndProject
Project("{9A19103F-16F7-4668-BE54-9A1E7A4F7556}") = "DocumentLibrary", "DocumentLibrary\DocumentLibrary.csproj", "{871FD82E-D29E-4624-A0D9-FF9D9992C6D1}"
EndProject
Project("{9A19103F-16F7-4668-BE54-9A1E7A4F7556}") = "LawTextDomain", "LawTextDomain\LawTextDomain.csproj", "{19378352-12D4-4E56-AB08-567F5C65B430}"
EndProject
Project("{FAE04EC0-301F-11D3-BF4B-00C04F79EFBC}") = "GoogleSlideLibrary", "GoogleSlideLibrary\GoogleSlideLibrary.csproj", "{41457D74-622E-411A-AE26-E34C2C8D2D01}"
EndProject
Project("{FAE04EC0-301F-11D3-BF4B-00C04F79EFBC}") = "TempriDomain", "TempriDomain\TempriDomain.csproj", "{2952A1C2-4F7B-4A8C-B9B6-B828EE7190E3}"
EndProject
Project("{FAE04EC0-301F-11D3-BF4B-00C04F79EFBC}") = "PrintGenerater", "PrintGenerater\PrintGenerater.csproj", "{8F2CB2BA-9465-4798-9D8A-6F0FEF491369}"
EndProject
Project("{FAE04EC0-301F-11D3-BF4B-00C04F79EFBC}") = "GoogleDriveLibrary", "GoogleDriveLibrary\GoogleDriveLibrary.csproj", "{8C004B54-CEED-4B31-92AA-985545FEF25D}"
EndProject
Project("{FAE04EC0-301F-11D3-BF4B-00C04F79EFBC}") = "ConsoleLibrary", "ConsoleLibrary\ConsoleLibrary.csproj", "{4DE620C5-6C77-4EF1-8B6A-49E25C95FFB0}"
EndProject
Global
	GlobalSection(SolutionConfigurationPlatforms) = preSolution
		Debug|Any CPU = Debug|Any CPU
		Release|Any CPU = Release|Any CPU
	EndGlobalSection
	GlobalSection(ProjectConfigurationPlatforms) = postSolution
		{5A85689B-91A3-4863-B0BE-26ACC64C866F}.Debug|Any CPU.ActiveCfg = Debug|Any CPU
		{5A85689B-91A3-4863-B0BE-26ACC64C866F}.Debug|Any CPU.Build.0 = Debug|Any CPU
		{5A85689B-91A3-4863-B0BE-26ACC64C866F}.Release|Any CPU.ActiveCfg = Release|Any CPU
		{5A85689B-91A3-4863-B0BE-26ACC64C866F}.Release|Any CPU.Build.0 = Release|Any CPU
		{C3C798C8-7A0A-4CBA-80B7-0145C3E0F271}.Debug|Any CPU.ActiveCfg = Debug|Any CPU
		{C3C798C8-7A0A-4CBA-80B7-0145C3E0F271}.Debug|Any CPU.Build.0 = Debug|Any CPU
		{C3C798C8-7A0A-4CBA-80B7-0145C3E0F271}.Release|Any CPU.ActiveCfg = Release|Any CPU
		{C3C798C8-7A0A-4CBA-80B7-0145C3E0F271}.Release|Any CPU.Build.0 = Release|Any CPU
		{EFF3D275-E036-496B-A3E9-72B8C4C4D9C0}.Debug|Any CPU.ActiveCfg = Debug|Any CPU
		{EFF3D275-E036-496B-A3E9-72B8C4C4D9C0}.Debug|Any CPU.Build.0 = Debug|Any CPU
		{EFF3D275-E036-496B-A3E9-72B8C4C4D9C0}.Release|Any CPU.ActiveCfg = Release|Any CPU
		{EFF3D275-E036-496B-A3E9-72B8C4C4D9C0}.Release|Any CPU.Build.0 = Release|Any CPU
		{CF5C18E3-F66E-410B-B0BE-EF78A1928144}.Debug|Any CPU.ActiveCfg = Debug|Any CPU
		{CF5C18E3-F66E-410B-B0BE-EF78A1928144}.Debug|Any CPU.Build.0 = Debug|Any CPU
		{CF5C18E3-F66E-410B-B0BE-EF78A1928144}.Release|Any CPU.ActiveCfg = Release|Any CPU
		{CF5C18E3-F66E-410B-B0BE-EF78A1928144}.Release|Any CPU.Build.0 = Release|Any CPU
		{8F66EEED-1551-45A3-93BB-16677BDDACD1}.Debug|Any CPU.ActiveCfg = Debug|Any CPU
		{8F66EEED-1551-45A3-93BB-16677BDDACD1}.Debug|Any CPU.Build.0 = Debug|Any CPU
		{8F66EEED-1551-45A3-93BB-16677BDDACD1}.Release|Any CPU.ActiveCfg = Release|Any CPU
		{8F66EEED-1551-45A3-93BB-16677BDDACD1}.Release|Any CPU.Build.0 = Release|Any CPU
		{C1D97F63-174F-4A7C-A929-B55D33D06701}.Debug|Any CPU.ActiveCfg = Debug|Any CPU
		{C1D97F63-174F-4A7C-A929-B55D33D06701}.Debug|Any CPU.Build.0 = Debug|Any CPU
		{C1D97F63-174F-4A7C-A929-B55D33D06701}.Release|Any CPU.ActiveCfg = Release|Any CPU
		{C1D97F63-174F-4A7C-A929-B55D33D06701}.Release|Any CPU.Build.0 = Release|Any CPU
		{EA85F4B2-13C5-4AE1-A06D-3A678CE9D2E6}.Debug|Any CPU.ActiveCfg = Debug|Any CPU
		{EA85F4B2-13C5-4AE1-A06D-3A678CE9D2E6}.Debug|Any CPU.Build.0 = Debug|Any CPU
		{EA85F4B2-13C5-4AE1-A06D-3A678CE9D2E6}.Release|Any CPU.ActiveCfg = Release|Any CPU
		{EA85F4B2-13C5-4AE1-A06D-3A678CE9D2E6}.Release|Any CPU.Build.0 = Release|Any CPU
		{EF9D21D0-D5C2-4C9F-A71D-8886B8674834}.Debug|Any CPU.ActiveCfg = Debug|Any CPU
		{EF9D21D0-D5C2-4C9F-A71D-8886B8674834}.Debug|Any CPU.Build.0 = Debug|Any CPU
		{EF9D21D0-D5C2-4C9F-A71D-8886B8674834}.Release|Any CPU.ActiveCfg = Release|Any CPU
		{EF9D21D0-D5C2-4C9F-A71D-8886B8674834}.Release|Any CPU.Build.0 = Release|Any CPU
		{2357082D-7A83-403E-B45B-5D1ADFF74DE7}.Debug|Any CPU.ActiveCfg = Debug|Any CPU
		{2357082D-7A83-403E-B45B-5D1ADFF74DE7}.Debug|Any CPU.Build.0 = Debug|Any CPU
		{2357082D-7A83-403E-B45B-5D1ADFF74DE7}.Release|Any CPU.ActiveCfg = Release|Any CPU
		{2357082D-7A83-403E-B45B-5D1ADFF74DE7}.Release|Any CPU.Build.0 = Release|Any CPU
		{99EB6088-1F5E-48C5-ACFF-422A40958AC5}.Debug|Any CPU.ActiveCfg = Debug|Any CPU
		{99EB6088-1F5E-48C5-ACFF-422A40958AC5}.Debug|Any CPU.Build.0 = Debug|Any CPU
		{99EB6088-1F5E-48C5-ACFF-422A40958AC5}.Release|Any CPU.ActiveCfg = Release|Any CPU
		{99EB6088-1F5E-48C5-ACFF-422A40958AC5}.Release|Any CPU.Build.0 = Release|Any CPU
		{13B73C47-F5A0-4CD2-8518-A48580C9CF3E}.Debug|Any CPU.ActiveCfg = Debug|Any CPU
		{13B73C47-F5A0-4CD2-8518-A48580C9CF3E}.Debug|Any CPU.Build.0 = Debug|Any CPU
		{13B73C47-F5A0-4CD2-8518-A48580C9CF3E}.Release|Any CPU.ActiveCfg = Release|Any CPU
		{13B73C47-F5A0-4CD2-8518-A48580C9CF3E}.Release|Any CPU.Build.0 = Release|Any CPU
		{47006209-D4D1-4D31-AC75-994FC950CBCD}.Debug|Any CPU.ActiveCfg = Debug|Any CPU
		{47006209-D4D1-4D31-AC75-994FC950CBCD}.Debug|Any CPU.Build.0 = Debug|Any CPU
		{47006209-D4D1-4D31-AC75-994FC950CBCD}.Release|Any CPU.ActiveCfg = Release|Any CPU
		{47006209-D4D1-4D31-AC75-994FC950CBCD}.Release|Any CPU.Build.0 = Release|Any CPU
		{ADF18A23-E8CD-4E42-B2F4-FE251EF1FBBD}.Debug|Any CPU.ActiveCfg = Debug|Any CPU
		{ADF18A23-E8CD-4E42-B2F4-FE251EF1FBBD}.Debug|Any CPU.Build.0 = Debug|Any CPU
		{ADF18A23-E8CD-4E42-B2F4-FE251EF1FBBD}.Release|Any CPU.ActiveCfg = Release|Any CPU
		{ADF18A23-E8CD-4E42-B2F4-FE251EF1FBBD}.Release|Any CPU.Build.0 = Release|Any CPU
		{F45DFE86-86CB-4E17-97C4-A3B6045E292C}.Debug|Any CPU.ActiveCfg = Debug|Any CPU
		{F45DFE86-86CB-4E17-97C4-A3B6045E292C}.Debug|Any CPU.Build.0 = Debug|Any CPU
		{F45DFE86-86CB-4E17-97C4-A3B6045E292C}.Release|Any CPU.ActiveCfg = Release|Any CPU
		{F45DFE86-86CB-4E17-97C4-A3B6045E292C}.Release|Any CPU.Build.0 = Release|Any CPU
		{89386639-6E05-4A9B-AE70-ED703CD9A8A0}.Debug|Any CPU.ActiveCfg = Debug|Any CPU
		{89386639-6E05-4A9B-AE70-ED703CD9A8A0}.Debug|Any CPU.Build.0 = Debug|Any CPU
		{89386639-6E05-4A9B-AE70-ED703CD9A8A0}.Release|Any CPU.ActiveCfg = Release|Any CPU
		{89386639-6E05-4A9B-AE70-ED703CD9A8A0}.Release|Any CPU.Build.0 = Release|Any CPU
		{C740FAC0-4C04-46E5-9E54-B4338810AECD}.Debug|Any CPU.ActiveCfg = Debug|Any CPU
		{C740FAC0-4C04-46E5-9E54-B4338810AECD}.Debug|Any CPU.Build.0 = Debug|Any CPU
		{C740FAC0-4C04-46E5-9E54-B4338810AECD}.Release|Any CPU.ActiveCfg = Release|Any CPU
		{C740FAC0-4C04-46E5-9E54-B4338810AECD}.Release|Any CPU.Build.0 = Release|Any CPU
		{4F6CC16D-3D58-460A-BA4D-19A5A3100366}.Debug|Any CPU.ActiveCfg = Debug|Any CPU
		{4F6CC16D-3D58-460A-BA4D-19A5A3100366}.Debug|Any CPU.Build.0 = Debug|Any CPU
		{4F6CC16D-3D58-460A-BA4D-19A5A3100366}.Release|Any CPU.ActiveCfg = Release|Any CPU
		{4F6CC16D-3D58-460A-BA4D-19A5A3100366}.Release|Any CPU.Build.0 = Release|Any CPU
		{4EDF7FEB-B36E-42AD-BC8E-2709926B00EC}.Debug|Any CPU.ActiveCfg = Debug|Any CPU
		{4EDF7FEB-B36E-42AD-BC8E-2709926B00EC}.Debug|Any CPU.Build.0 = Debug|Any CPU
		{4EDF7FEB-B36E-42AD-BC8E-2709926B00EC}.Release|Any CPU.ActiveCfg = Release|Any CPU
		{4EDF7FEB-B36E-42AD-BC8E-2709926B00EC}.Release|Any CPU.Build.0 = Release|Any CPU
		{871FD82E-D29E-4624-A0D9-FF9D9992C6D1}.Debug|Any CPU.ActiveCfg = Debug|Any CPU
		{871FD82E-D29E-4624-A0D9-FF9D9992C6D1}.Debug|Any CPU.Build.0 = Debug|Any CPU
		{871FD82E-D29E-4624-A0D9-FF9D9992C6D1}.Release|Any CPU.ActiveCfg = Release|Any CPU
		{871FD82E-D29E-4624-A0D9-FF9D9992C6D1}.Release|Any CPU.Build.0 = Release|Any CPU
		{19378352-12D4-4E56-AB08-567F5C65B430}.Debug|Any CPU.ActiveCfg = Debug|Any CPU
		{19378352-12D4-4E56-AB08-567F5C65B430}.Debug|Any CPU.Build.0 = Debug|Any CPU
		{19378352-12D4-4E56-AB08-567F5C65B430}.Release|Any CPU.ActiveCfg = Release|Any CPU
		{19378352-12D4-4E56-AB08-567F5C65B430}.Release|Any CPU.Build.0 = Release|Any CPU
		{41457D74-622E-411A-AE26-E34C2C8D2D01}.Debug|Any CPU.ActiveCfg = Debug|Any CPU
		{41457D74-622E-411A-AE26-E34C2C8D2D01}.Debug|Any CPU.Build.0 = Debug|Any CPU
		{41457D74-622E-411A-AE26-E34C2C8D2D01}.Release|Any CPU.ActiveCfg = Release|Any CPU
		{41457D74-622E-411A-AE26-E34C2C8D2D01}.Release|Any CPU.Build.0 = Release|Any CPU
		{2952A1C2-4F7B-4A8C-B9B6-B828EE7190E3}.Debug|Any CPU.ActiveCfg = Debug|Any CPU
		{2952A1C2-4F7B-4A8C-B9B6-B828EE7190E3}.Debug|Any CPU.Build.0 = Debug|Any CPU
		{2952A1C2-4F7B-4A8C-B9B6-B828EE7190E3}.Release|Any CPU.ActiveCfg = Release|Any CPU
		{2952A1C2-4F7B-4A8C-B9B6-B828EE7190E3}.Release|Any CPU.Build.0 = Release|Any CPU
		{8F2CB2BA-9465-4798-9D8A-6F0FEF491369}.Debug|Any CPU.ActiveCfg = Debug|Any CPU
		{8F2CB2BA-9465-4798-9D8A-6F0FEF491369}.Debug|Any CPU.Build.0 = Debug|Any CPU
		{8F2CB2BA-9465-4798-9D8A-6F0FEF491369}.Release|Any CPU.ActiveCfg = Release|Any CPU
		{8F2CB2BA-9465-4798-9D8A-6F0FEF491369}.Release|Any CPU.Build.0 = Release|Any CPU
		{8C004B54-CEED-4B31-92AA-985545FEF25D}.Debug|Any CPU.ActiveCfg = Debug|Any CPU
		{8C004B54-CEED-4B31-92AA-985545FEF25D}.Debug|Any CPU.Build.0 = Debug|Any CPU
		{8C004B54-CEED-4B31-92AA-985545FEF25D}.Release|Any CPU.ActiveCfg = Release|Any CPU
		{8C004B54-CEED-4B31-92AA-985545FEF25D}.Release|Any CPU.Build.0 = Release|Any CPU
		{4DE620C5-6C77-4EF1-8B6A-49E25C95FFB0}.Debug|Any CPU.ActiveCfg = Debug|Any CPU
		{4DE620C5-6C77-4EF1-8B6A-49E25C95FFB0}.Debug|Any CPU.Build.0 = Debug|Any CPU
		{4DE620C5-6C77-4EF1-8B6A-49E25C95FFB0}.Release|Any CPU.ActiveCfg = Release|Any CPU
		{4DE620C5-6C77-4EF1-8B6A-49E25C95FFB0}.Release|Any CPU.Build.0 = Release|Any CPU
	EndGlobalSection
	GlobalSection(SolutionProperties) = preSolution
		HideSolutionNode = FALSE
	EndGlobalSection
	GlobalSection(NestedProjects) = preSolution
		{5A85689B-91A3-4863-B0BE-26ACC64C866F} = {F544DF70-75B8-4949-90C4-6CAB29365D3A}
		{C3C798C8-7A0A-4CBA-80B7-0145C3E0F271} = {FEA038D7-CEFC-4D5A-8D51-6CF7562A6F91}
		{EFF3D275-E036-496B-A3E9-72B8C4C4D9C0} = {FEA038D7-CEFC-4D5A-8D51-6CF7562A6F91}
		{CF5C18E3-F66E-410B-B0BE-EF78A1928144} = {FEA038D7-CEFC-4D5A-8D51-6CF7562A6F91}
		{8F66EEED-1551-45A3-93BB-16677BDDACD1} = {2D7C8407-F9C8-4C03-8877-FF16117B1F25}
		{C1D97F63-174F-4A7C-A929-B55D33D06701} = {FEA038D7-CEFC-4D5A-8D51-6CF7562A6F91}
		{EA85F4B2-13C5-4AE1-A06D-3A678CE9D2E6} = {FEA038D7-CEFC-4D5A-8D51-6CF7562A6F91}
		{EF9D21D0-D5C2-4C9F-A71D-8886B8674834} = {FEA038D7-CEFC-4D5A-8D51-6CF7562A6F91}
		{2357082D-7A83-403E-B45B-5D1ADFF74DE7} = {F544DF70-75B8-4949-90C4-6CAB29365D3A}
		{99EB6088-1F5E-48C5-ACFF-422A40958AC5} = {2D7C8407-F9C8-4C03-8877-FF16117B1F25}
		{13B73C47-F5A0-4CD2-8518-A48580C9CF3E} = {FEA038D7-CEFC-4D5A-8D51-6CF7562A6F91}
		{47006209-D4D1-4D31-AC75-994FC950CBCD} = {2D7C8407-F9C8-4C03-8877-FF16117B1F25}
		{ADF18A23-E8CD-4E42-B2F4-FE251EF1FBBD} = {F544DF70-75B8-4949-90C4-6CAB29365D3A}
		{F45DFE86-86CB-4E17-97C4-A3B6045E292C} = {2D7C8407-F9C8-4C03-8877-FF16117B1F25}
		{89386639-6E05-4A9B-AE70-ED703CD9A8A0} = {FEA038D7-CEFC-4D5A-8D51-6CF7562A6F91}
		{C740FAC0-4C04-46E5-9E54-B4338810AECD} = {FEA038D7-CEFC-4D5A-8D51-6CF7562A6F91}
		{4F6CC16D-3D58-460A-BA4D-19A5A3100366} = {F544DF70-75B8-4949-90C4-6CAB29365D3A}
		{4EDF7FEB-B36E-42AD-BC8E-2709926B00EC} = {F544DF70-75B8-4949-90C4-6CAB29365D3A}
		{871FD82E-D29E-4624-A0D9-FF9D9992C6D1} = {FEA038D7-CEFC-4D5A-8D51-6CF7562A6F91}
		{19378352-12D4-4E56-AB08-567F5C65B430} = {2D7C8407-F9C8-4C03-8877-FF16117B1F25}
		{41457D74-622E-411A-AE26-E34C2C8D2D01} = {FEA038D7-CEFC-4D5A-8D51-6CF7562A6F91}
		{2952A1C2-4F7B-4A8C-B9B6-B828EE7190E3} = {2D7C8407-F9C8-4C03-8877-FF16117B1F25}
		{8F2CB2BA-9465-4798-9D8A-6F0FEF491369} = {F544DF70-75B8-4949-90C4-6CAB29365D3A}
		{8C004B54-CEED-4B31-92AA-985545FEF25D} = {FEA038D7-CEFC-4D5A-8D51-6CF7562A6F91}
		{4DE620C5-6C77-4EF1-8B6A-49E25C95FFB0} = {FEA038D7-CEFC-4D5A-8D51-6CF7562A6F91}
	EndGlobalSection
	GlobalSection(ExtensibilityGlobals) = postSolution
		SolutionGuid = {5BBB74A4-8673-45E0-AE31-6C915A621438}
	EndGlobalSection
EndGlobal
